
Microsoft Visual Studio Solution File, Format Version 12.00
# Visual Studio Version 16
VisualStudioVersion = 16.0.31112.23
MinimumVisualStudioVersion = 10.0.40219.1
Project("{FAE04EC0-301F-11D3-BF4B-00C04F79EFBC}") = "FlightPlanner", "FlightPlanner\FlightPlanner.csproj", "{7D121A5E-D222-401D-97DF-3A070CA62A19}"
EndProject
Global
	GlobalSection(SolutionConfigurationPlatforms) = preSolution
		Debug|Any CPU = Debug|Any CPU
		Release|Any CPU = Release|Any CPU
	EndGlobalSection
	GlobalSection(ProjectConfigurationPlatforms) = postSolution
		{7D121A5E-D222-401D-97DF-3A070CA62A19}.Debug|Any CPU.ActiveCfg = Debug|Any CPU
		{7D121A5E-D222-401D-97DF-3A070CA62A19}.Debug|Any CPU.Build.0 = Debug|Any CPU
		{7D121A5E-D222-401D-97DF-3A070CA62A19}.Release|Any CPU.ActiveCfg = Release|Any CPU
		{7D121A5E-D222-401D-97DF-3A070CA62A19}.Release|Any CPU.Build.0 = Release|Any CPU
	EndGlobalSection
	GlobalSection(SolutionProperties) = preSolution
		HideSolutionNode = FALSE
	EndGlobalSection
	GlobalSection(ExtensibilityGlobals) = postSolution
		SolutionGuid = {E5473BB5-1AFB-4354-83EF-17066C0A6D3F}
	EndGlobalSection
EndGlobal
